
Microsoft Visual Studio Solution File, Format Version 12.00
Project("{FAE04EC0-301F-11D3-BF4B-00C04F79EFBC}") = "ReadingEnhancer.API", "ReadingEnhancer.API\ReadingEnhancer.API.csproj", "{89957AA5-F062-4021-8E92-1AEAA91A7760}"
EndProject
Project("{FAE04EC0-301F-11D3-BF4B-00C04F79EFBC}") = "ReadingEnhancer.Application", "ReadingEnhancer.Application\ReadingEnhancer.Application.csproj", "{AF6698B9-91CA-410B-83F3-DF9890434156}"
EndProject
Project("{FAE04EC0-301F-11D3-BF4B-00C04F79EFBC}") = "ReadingEnhancer.Domain", "ReadingEnhancer.Domain\ReadingEnhancer.Domain.csproj", "{C8B00A2C-EC14-4DD9-9191-205CF638E68C}"
EndProject
Global
	GlobalSection(SolutionConfigurationPlatforms) = preSolution
		Debug|Any CPU = Debug|Any CPU
		Release|Any CPU = Release|Any CPU
	EndGlobalSection
	GlobalSection(ProjectConfigurationPlatforms) = postSolution
		{89957AA5-F062-4021-8E92-1AEAA91A7760}.Debug|Any CPU.ActiveCfg = Debug|Any CPU
		{89957AA5-F062-4021-8E92-1AEAA91A7760}.Debug|Any CPU.Build.0 = Debug|Any CPU
		{89957AA5-F062-4021-8E92-1AEAA91A7760}.Release|Any CPU.ActiveCfg = Release|Any CPU
		{89957AA5-F062-4021-8E92-1AEAA91A7760}.Release|Any CPU.Build.0 = Release|Any CPU
		{AF6698B9-91CA-410B-83F3-DF9890434156}.Debug|Any CPU.ActiveCfg = Debug|Any CPU
		{AF6698B9-91CA-410B-83F3-DF9890434156}.Debug|Any CPU.Build.0 = Debug|Any CPU
		{AF6698B9-91CA-410B-83F3-DF9890434156}.Release|Any CPU.ActiveCfg = Release|Any CPU
		{AF6698B9-91CA-410B-83F3-DF9890434156}.Release|Any CPU.Build.0 = Release|Any CPU
		{C8B00A2C-EC14-4DD9-9191-205CF638E68C}.Debug|Any CPU.ActiveCfg = Debug|Any CPU
		{C8B00A2C-EC14-4DD9-9191-205CF638E68C}.Debug|Any CPU.Build.0 = Debug|Any CPU
		{C8B00A2C-EC14-4DD9-9191-205CF638E68C}.Release|Any CPU.ActiveCfg = Release|Any CPU
		{C8B00A2C-EC14-4DD9-9191-205CF638E68C}.Release|Any CPU.Build.0 = Release|Any CPU
	EndGlobalSection
EndGlobal
